
Microsoft Visual Studio Solution File, Format Version 12.00
# Visual Studio 14
VisualStudioVersion = 14.0.25420.1
MinimumVisualStudioVersion = 10.0.40219.1
Project("{FAE04EC0-301F-11D3-BF4B-00C04F79EFBC}") = "EDR_api_test", "EDR_api_test\EDR_api_test.csproj", "{85311861-EEA3-4AF6-A5C9-A286D0325EC2}"
EndProject
Project("{FAE04EC0-301F-11D3-BF4B-00C04F79EFBC}") = "EDR_api", "EDR_api\EDR_api.csproj", "{F6140ACE-B695-4FFD-9922-5F6BBF82F826}"
EndProject
Global
	GlobalSection(SolutionConfigurationPlatforms) = preSolution
		Debug|Any CPU = Debug|Any CPU
		Release|Any CPU = Release|Any CPU
	EndGlobalSection
	GlobalSection(ProjectConfigurationPlatforms) = postSolution
		{85311861-EEA3-4AF6-A5C9-A286D0325EC2}.Debug|Any CPU.ActiveCfg = Debug|Any CPU
		{85311861-EEA3-4AF6-A5C9-A286D0325EC2}.Debug|Any CPU.Build.0 = Debug|Any CPU
		{85311861-EEA3-4AF6-A5C9-A286D0325EC2}.Release|Any CPU.ActiveCfg = Release|Any CPU
		{85311861-EEA3-4AF6-A5C9-A286D0325EC2}.Release|Any CPU.Build.0 = Release|Any CPU
		{F6140ACE-B695-4FFD-9922-5F6BBF82F826}.Debug|Any CPU.ActiveCfg = Debug|Any CPU
		{F6140ACE-B695-4FFD-9922-5F6BBF82F826}.Debug|Any CPU.Build.0 = Debug|Any CPU
		{F6140ACE-B695-4FFD-9922-5F6BBF82F826}.Release|Any CPU.ActiveCfg = Release|Any CPU
		{F6140ACE-B695-4FFD-9922-5F6BBF82F826}.Release|Any CPU.Build.0 = Release|Any CPU
	EndGlobalSection
	GlobalSection(SolutionProperties) = preSolution
		HideSolutionNode = FALSE
	EndGlobalSection
EndGlobal
